
Microsoft Visual Studio Solution File, Format Version 12.00
# Visual Studio Version 17
VisualStudioVersion = 17.0.32112.339
MinimumVisualStudioVersion = 10.0.40219.1
Project("{FAE04EC0-301F-11D3-BF4B-00C04F79EFBC}") = "Web3", "Web3\Web3.csproj", "{B36DCE6A-C0BB-417E-A918-491BD7D7EE6B}"
EndProject
Global
	GlobalSection(SolutionConfigurationPlatforms) = preSolution
		Debug|Any CPU = Debug|Any CPU
		Local|Any CPU = Local|Any CPU
		Release|Any CPU = Release|Any CPU
	EndGlobalSection
	GlobalSection(ProjectConfigurationPlatforms) = postSolution
		{B36DCE6A-C0BB-417E-A918-491BD7D7EE6B}.Debug|Any CPU.ActiveCfg = Debug|Any CPU
		{B36DCE6A-C0BB-417E-A918-491BD7D7EE6B}.Debug|Any CPU.Build.0 = Debug|Any CPU
		{B36DCE6A-C0BB-417E-A918-491BD7D7EE6B}.Local|Any CPU.ActiveCfg = Debug|Any CPU
		{B36DCE6A-C0BB-417E-A918-491BD7D7EE6B}.Local|Any CPU.Build.0 = Debug|Any CPU
		{B36DCE6A-C0BB-417E-A918-491BD7D7EE6B}.Release|Any CPU.ActiveCfg = Release|Any CPU
		{B36DCE6A-C0BB-417E-A918-491BD7D7EE6B}.Release|Any CPU.Build.0 = Release|Any CPU
	EndGlobalSection
	GlobalSection(SolutionProperties) = preSolution
		HideSolutionNode = FALSE
	EndGlobalSection
	GlobalSection(ExtensibilityGlobals) = postSolution
		SolutionGuid = {7162CA81-88D1-4011-ABE9-23808499FD8A}
	EndGlobalSection
EndGlobal
